
Microsoft Visual Studio Solution File, Format Version 12.00
# Visual Studio Version 17
VisualStudioVersion = 17.9.34728.123
MinimumVisualStudioVersion = 10.0.40219.1
Project("{FAE04EC0-301F-11D3-BF4B-00C04F79EFBC}") = "tspz-t4", "tspz-t4\tspz-t4.csproj", "{5DF11E26-D91E-49D5-9432-C46628BDA74B}"
EndProject
Global
	GlobalSection(SolutionConfigurationPlatforms) = preSolution
		Debug|Any CPU = Debug|Any CPU
		Release|Any CPU = Release|Any CPU
	EndGlobalSection
	GlobalSection(ProjectConfigurationPlatforms) = postSolution
		{5DF11E26-D91E-49D5-9432-C46628BDA74B}.Debug|Any CPU.ActiveCfg = Debug|Any CPU
		{5DF11E26-D91E-49D5-9432-C46628BDA74B}.Debug|Any CPU.Build.0 = Debug|Any CPU
		{5DF11E26-D91E-49D5-9432-C46628BDA74B}.Release|Any CPU.ActiveCfg = Release|Any CPU
		{5DF11E26-D91E-49D5-9432-C46628BDA74B}.Release|Any CPU.Build.0 = Release|Any CPU
	EndGlobalSection
	GlobalSection(SolutionProperties) = preSolution
		HideSolutionNode = FALSE
	EndGlobalSection
	GlobalSection(ExtensibilityGlobals) = postSolution
		SolutionGuid = {2D369580-7914-42F6-BBCB-7AA664D410C4}
	EndGlobalSection
EndGlobal
